// !$*UTF8*$!
{
	archiveVersion = 1;
	classes = {
	};
	objectVersion = 55;
	objects = {

/* Begin PBXBuildFile section */
		6B308CB12865963B00D16AE3 /* AppDelegate.swift in Sources */ = {isa = PBXBuildFile; fileRef = 6B308CB02865963B00D16AE3 /* AppDelegate.swift */; };
		6B308CB32865963B00D16AE3 /* SceneDelegate.swift in Sources */ = {isa = PBXBuildFile; fileRef = 6B308CB22865963B00D16AE3 /* SceneDelegate.swift */; };
		6B308CBA2865963D00D16AE3 /* Assets.xcassets in Resources */ = {isa = PBXBuildFile; fileRef = 6B308CB92865963D00D16AE3 /* Assets.xcassets */; };
		6B308CBD2865963D00D16AE3 /* LaunchScreen.storyboard in Resources */ = {isa = PBXBuildFile; fileRef = 6B308CBB2865963D00D16AE3 /* LaunchScreen.storyboard */; };
		6B308CCE286598B900D16AE3 /* UIView+snapshot.swift in Sources */ = {isa = PBXBuildFile; fileRef = 6B308CCC286598B900D16AE3 /* UIView+snapshot.swift */; };
		6B308CCF286598B900D16AE3 /* UIImage+blur.swift in Sources */ = {isa = PBXBuildFile; fileRef = 6B308CCD286598B900D16AE3 /* UIImage+blur.swift */; };
		6B308CD2286598DE00D16AE3 /* SliderContentView.swift in Sources */ = {isa = PBXBuildFile; fileRef = 6B308CD0286598DE00D16AE3 /* SliderContentView.swift */; };
		6B308CD3286598DE00D16AE3 /* BrightnessSliderView.swift in Sources */ = {isa = PBXBuildFile; fileRef = 6B308CD1286598DE00D16AE3 /* BrightnessSliderView.swift */; };
		6B308CD92865990600D16AE3 /* ColorWheelView.swift in Sources */ = {isa = PBXBuildFile; fileRef = 6B308CD52865990600D16AE3 /* ColorWheelView.swift */; };
		6B308CDA2865990600D16AE3 /* ColorPickerController.swift in Sources */ = {isa = PBXBuildFile; fileRef = 6B308CD62865990600D16AE3 /* ColorPickerController.swift */; };
		6B308CDB2865990600D16AE3 /* ColorHelper.swift in Sources */ = {isa = PBXBuildFile; fileRef = 6B308CD72865990600D16AE3 /* ColorHelper.swift */; };
		6B308CDC2865990600D16AE3 /* ColorItemView.swift in Sources */ = {isa = PBXBuildFile; fileRef = 6B308CD82865990600D16AE3 /* ColorItemView.swift */; };
		6B308CE32865993400D16AE3 /* Stylesheet.swift in Sources */ = {isa = PBXBuildFile; fileRef = 6B308CDE2865993400D16AE3 /* Stylesheet.swift */; };
		6B308CE42865993400D16AE3 /* LightingZoneType.swift in Sources */ = {isa = PBXBuildFile; fileRef = 6B308CDF2865993400D16AE3 /* LightingZoneType.swift */; };
		6B308CE52865993400D16AE3 /* LightingZoneView.swift in Sources */ = {isa = PBXBuildFile; fileRef = 6B308CE02865993400D16AE3 /* LightingZoneView.swift */; };
		6B308CE62865993400D16AE3 /* LightingZoneSlider.swift in Sources */ = {isa = PBXBuildFile; fileRef = 6B308CE12865993400D16AE3 /* LightingZoneSlider.swift */; };
		6B308CE72865993400D16AE3 /* LightingViewController.swift in Sources */ = {isa = PBXBuildFile; fileRef = 6B308CE22865993400D16AE3 /* LightingViewController.swift */; };
		6B308CE928659CC400D16AE3 /* CustomSliderView.swift in Sources */ = {isa = PBXBuildFile; fileRef = 6B308CE828659CC400D16AE3 /* CustomSliderView.swift */; };
		6B308CEC28659CDE00D16AE3 /* UIImage+Bundle.swift in Sources */ = {isa = PBXBuildFile; fileRef = 6B308CEA28659CDE00D16AE3 /* UIImage+Bundle.swift */; };
		6B308CED28659CDE00D16AE3 /* UIColor+Bundle.swift in Sources */ = {isa = PBXBuildFile; fileRef = 6B308CEB28659CDE00D16AE3 /* UIColor+Bundle.swift */; };
		6B308CEF28659D8800D16AE3 /* Lighting.xcassets in Resources */ = {isa = PBXBuildFile; fileRef = 6B308CEE28659D8800D16AE3 /* Lighting.xcassets */; };
		6B308CF128659E1200D16AE3 /* LightingMain.storyboard in Resources */ = {isa = PBXBuildFile; fileRef = 6B308CF028659E1200D16AE3 /* LightingMain.storyboard */; };
		6B308CF428659E4700D16AE3 /* LightingZoneView.xib in Resources */ = {isa = PBXBuildFile; fileRef = 6B308CF228659E4700D16AE3 /* LightingZoneView.xib */; };
		6B308CF528659E4700D16AE3 /* ColorItemView.xib in Resources */ = {isa = PBXBuildFile; fileRef = 6B308CF328659E4700D16AE3 /* ColorItemView.xib */; };
		6B308CF82865A03500D16AE3 /* CGPoint+Helpers.swift in Sources */ = {isa = PBXBuildFile; fileRef = 6B308CF72865A03500D16AE3 /* CGPoint+Helpers.swift */; };
		6B308CFA2865AC4300D16AE3 /* LightingViewController.xib in Resources */ = {isa = PBXBuildFile; fileRef = 6B308CF92865AC4300D16AE3 /* LightingViewController.xib */; };
		6B308CFE2865AD1B00D16AE3 /* ColorPickerController.xib in Resources */ = {isa = PBXBuildFile; fileRef = 6B308CFD2865AD1B00D16AE3 /* ColorPickerController.xib */; };
		6B308D012865AFDC00D16AE3 /* Montserrat-Regular.ttf in Resources */ = {isa = PBXBuildFile; fileRef = 6B308CFF2865AF9900D16AE3 /* Montserrat-Regular.ttf */; };
		759119D417EC26DF714756F0 /* Pods_Lighting.framework in Frameworks */ = {isa = PBXBuildFile; fileRef = FE4223BE2F70DE821E8082E2 /* Pods_Lighting.framework */; };
/* End PBXBuildFile section */

/* Begin PBXFileReference section */
		6B308CAD2865963B00D16AE3 /* Lighting.app */ = {isa = PBXFileReference; explicitFileType = wrapper.application; includeInIndex = 0; path = Lighting.app; sourceTree = BUILT_PRODUCTS_DIR; };
		6B308CB02865963B00D16AE3 /* AppDelegate.swift */ = {isa = PBXFileReference; lastKnownFileType = sourcecode.swift; path = AppDelegate.swift; sourceTree = "<group>"; };
		6B308CB22865963B00D16AE3 /* SceneDelegate.swift */ = {isa = PBXFileReference; lastKnownFileType = sourcecode.swift; path = SceneDelegate.swift; sourceTree = "<group>"; };
		6B308CB92865963D00D16AE3 /* Assets.xcassets */ = {isa = PBXFileReference; lastKnownFileType = folder.assetcatalog; path = Assets.xcassets; sourceTree = "<group>"; };
		6B308CBC2865963D00D16AE3 /* Base */ = {isa = PBXFileReference; lastKnownFileType = file.storyboard; name = Base; path = Base.lproj/LaunchScreen.storyboard; sourceTree = "<group>"; };
		6B308CBE2865963D00D16AE3 /* Info.plist */ = {isa = PBXFileReference; lastKnownFileType = text.plist.xml; path = Info.plist; sourceTree = "<group>"; };
		6B308CCC286598B900D16AE3 /* UIView+snapshot.swift */ = {isa = PBXFileReference; fileEncoding = 4; lastKnownFileType = sourcecode.swift; path = "UIView+snapshot.swift"; sourceTree = "<group>"; };
		6B308CCD286598B900D16AE3 /* UIImage+blur.swift */ = {isa = PBXFileReference; fileEncoding = 4; lastKnownFileType = sourcecode.swift; path = "UIImage+blur.swift"; sourceTree = "<group>"; };
		6B308CD0286598DE00D16AE3 /* SliderContentView.swift */ = {isa = PBXFileReference; fileEncoding = 4; lastKnownFileType = sourcecode.swift; path = SliderContentView.swift; sourceTree = "<group>"; };
		6B308CD1286598DE00D16AE3 /* BrightnessSliderView.swift */ = {isa = PBXFileReference; fileEncoding = 4; lastKnownFileType = sourcecode.swift; path = BrightnessSliderView.swift; sourceTree = "<group>"; };
		6B308CD52865990600D16AE3 /* ColorWheelView.swift */ = {isa = PBXFileReference; fileEncoding = 4; lastKnownFileType = sourcecode.swift; path = ColorWheelView.swift; sourceTree = "<group>"; };
		6B308CD62865990600D16AE3 /* ColorPickerController.swift */ = {isa = PBXFileReference; fileEncoding = 4; lastKnownFileType = sourcecode.swift; path = ColorPickerController.swift; sourceTree = "<group>"; };
		6B308CD72865990600D16AE3 /* ColorHelper.swift */ = {isa = PBXFileReference; fileEncoding = 4; lastKnownFileType = sourcecode.swift; path = ColorHelper.swift; sourceTree = "<group>"; };
		6B308CD82865990600D16AE3 /* ColorItemView.swift */ = {isa = PBXFileReference; fileEncoding = 4; lastKnownFileType = sourcecode.swift; path = ColorItemView.swift; sourceTree = "<group>"; };
		6B308CDE2865993400D16AE3 /* Stylesheet.swift */ = {isa = PBXFileReference; fileEncoding = 4; lastKnownFileType = sourcecode.swift; path = Stylesheet.swift; sourceTree = "<group>"; };
		6B308CDF2865993400D16AE3 /* LightingZoneType.swift */ = {isa = PBXFileReference; fileEncoding = 4; lastKnownFileType = sourcecode.swift; path = LightingZoneType.swift; sourceTree = "<group>"; };
		6B308CE02865993400D16AE3 /* LightingZoneView.swift */ = {isa = PBXFileReference; fileEncoding = 4; lastKnownFileType = sourcecode.swift; path = LightingZoneView.swift; sourceTree = "<group>"; };
		6B308CE12865993400D16AE3 /* LightingZoneSlider.swift */ = {isa = PBXFileReference; fileEncoding = 4; lastKnownFileType = sourcecode.swift; path = LightingZoneSlider.swift; sourceTree = "<group>"; };
		6B308CE22865993400D16AE3 /* LightingViewController.swift */ = {isa = PBXFileReference; fileEncoding = 4; lastKnownFileType = sourcecode.swift; path = LightingViewController.swift; sourceTree = "<group>"; };
		6B308CE828659CC400D16AE3 /* CustomSliderView.swift */ = {isa = PBXFileReference; fileEncoding = 4; lastKnownFileType = sourcecode.swift; path = CustomSliderView.swift; sourceTree = "<group>"; };
		6B308CEA28659CDE00D16AE3 /* UIImage+Bundle.swift */ = {isa = PBXFileReference; fileEncoding = 4; lastKnownFileType = sourcecode.swift; path = "UIImage+Bundle.swift"; sourceTree = "<group>"; };
		6B308CEB28659CDE00D16AE3 /* UIColor+Bundle.swift */ = {isa = PBXFileReference; fileEncoding = 4; lastKnownFileType = sourcecode.swift; path = "UIColor+Bundle.swift"; sourceTree = "<group>"; };
		6B308CEE28659D8800D16AE3 /* Lighting.xcassets */ = {isa = PBXFileReference; lastKnownFileType = folder.assetcatalog; path = Lighting.xcassets; sourceTree = "<group>"; };
		6B308CF028659E1200D16AE3 /* LightingMain.storyboard */ = {isa = PBXFileReference; fileEncoding = 4; lastKnownFileType = file.storyboard; path = LightingMain.storyboard; sourceTree = "<group>"; };
		6B308CF228659E4700D16AE3 /* LightingZoneView.xib */ = {isa = PBXFileReference; fileEncoding = 4; lastKnownFileType = file.xib; path = LightingZoneView.xib; sourceTree = "<group>"; };
		6B308CF328659E4700D16AE3 /* ColorItemView.xib */ = {isa = PBXFileReference; fileEncoding = 4; lastKnownFileType = file.xib; path = ColorItemView.xib; sourceTree = "<group>"; };
		6B308CF72865A03500D16AE3 /* CGPoint+Helpers.swift */ = {isa = PBXFileReference; lastKnownFileType = sourcecode.swift; path = "CGPoint+Helpers.swift"; sourceTree = "<group>"; };
		6B308CF92865AC4300D16AE3 /* LightingViewController.xib */ = {isa = PBXFileReference; lastKnownFileType = file.xib; path = LightingViewController.xib; sourceTree = "<group>"; };
		6B308CFD2865AD1B00D16AE3 /* ColorPickerController.xib */ = {isa = PBXFileReference; lastKnownFileType = file.xib; path = ColorPickerController.xib; sourceTree = "<group>"; };
		6B308CFF2865AF9900D16AE3 /* Montserrat-Regular.ttf */ = {isa = PBXFileReference; lastKnownFileType = file; path = "Montserrat-Regular.ttf"; sourceTree = "<group>"; };
		F157393DA35C8B7C8513F335 /* Pods-Lighting.release.xcconfig */ = {isa = PBXFileReference; includeInIndex = 1; lastKnownFileType = text.xcconfig; name = "Pods-Lighting.release.xcconfig"; path = "Target Support Files/Pods-Lighting/Pods-Lighting.release.xcconfig"; sourceTree = "<group>"; };
		F37CDE29EF1DD040B4D7EC30 /* Pods-Lighting.debug.xcconfig */ = {isa = PBXFileReference; includeInIndex = 1; lastKnownFileType = text.xcconfig; name = "Pods-Lighting.debug.xcconfig"; path = "Target Support Files/Pods-Lighting/Pods-Lighting.debug.xcconfig"; sourceTree = "<group>"; };
		FE4223BE2F70DE821E8082E2 /* Pods_Lighting.framework */ = {isa = PBXFileReference; explicitFileType = wrapper.framework; includeInIndex = 0; path = Pods_Lighting.framework; sourceTree = BUILT_PRODUCTS_DIR; };
/* End PBXFileReference section */

/* Begin PBXFrameworksBuildPhase section */
		6B308CAA2865963B00D16AE3 /* Frameworks */ = {
			isa = PBXFrameworksBuildPhase;
			buildActionMask = 2147483647;
			files = (
				759119D417EC26DF714756F0 /* Pods_Lighting.framework in Frameworks */,
			);
			runOnlyForDeploymentPostprocessing = 0;
		};
/* End PBXFrameworksBuildPhase section */

/* Begin PBXGroup section */
		3FADBBCC2BBC2CCA74ADC30A /* Frameworks */ = {
			isa = PBXGroup;
			children = (
				FE4223BE2F70DE821E8082E2 /* Pods_Lighting.framework */,
			);
			name = Frameworks;
			sourceTree = "<group>";
		};
		6B308CA42865963B00D16AE3 = {
			isa = PBXGroup;
			children = (
				6B308CC4286597A500D16AE3 /* LightingControl */,
				6B308CAF2865963B00D16AE3 /* LightingDemo */,
				6B308CAE2865963B00D16AE3 /* Products */,
				9202F2D4E7084942E36CA526 /* Pods */,
				3FADBBCC2BBC2CCA74ADC30A /* Frameworks */,
			);
			sourceTree = "<group>";
		};
		6B308CAE2865963B00D16AE3 /* Products */ = {
			isa = PBXGroup;
			children = (
				6B308CAD2865963B00D16AE3 /* Lighting.app */,
			);
			name = Products;
			sourceTree = "<group>";
		};
		6B308CAF2865963B00D16AE3 /* LightingDemo */ = {
			isa = PBXGroup;
			children = (
				6B308CB02865963B00D16AE3 /* AppDelegate.swift */,
				6B308CB22865963B00D16AE3 /* SceneDelegate.swift */,
				6B308CC52865981900D16AE3 /* Resources */,
			);
			path = LightingDemo;
			sourceTree = "<group>";
		};
		6B308CC4286597A500D16AE3 /* LightingControl */ = {
			isa = PBXGroup;
			children = (
				6B308CC62865984500D16AE3 /* Source */,
				6B308CC72865984B00D16AE3 /* Resources */,
			);
			path = LightingControl;
			sourceTree = "<group>";
		};
		6B308CC52865981900D16AE3 /* Resources */ = {
			isa = PBXGroup;
			children = (
				6B308CBE2865963D00D16AE3 /* Info.plist */,
				6B308CB92865963D00D16AE3 /* Assets.xcassets */,
				6B308CCB2865989600D16AE3 /* UI */,
			);
			path = Resources;
			sourceTree = "<group>";
		};
		6B308CC62865984500D16AE3 /* Source */ = {
			isa = PBXGroup;
			children = (
				6B308CE828659CC400D16AE3 /* CustomSliderView.swift */,
				6B308CE12865993400D16AE3 /* LightingZoneSlider.swift */,
				6B308CDF2865993400D16AE3 /* LightingZoneType.swift */,
				6B308CE02865993400D16AE3 /* LightingZoneView.swift */,
				6B308CDE2865993400D16AE3 /* Stylesheet.swift */,
				6B308CC82865985C00D16AE3 /* Controllers */,
				6B308CC92865986B00D16AE3 /* Controls */,
				6B308CCA2865987400D16AE3 /* Extensions */,
			);
			path = Source;
			sourceTree = "<group>";
		};
		6B308CC72865984B00D16AE3 /* Resources */ = {
			isa = PBXGroup;
			children = (
				6B308CEE28659D8800D16AE3 /* Lighting.xcassets */,
				6B308CFD2865AD1B00D16AE3 /* ColorPickerController.xib */,
				6B308CF92865AC4300D16AE3 /* LightingViewController.xib */,
				6B308CF628659F0200D16AE3 /* Controls */,
				6B308D002865AF9C00D16AE3 /* Fonts */,
			);
			path = Resources;
			sourceTree = "<group>";
		};
		6B308CC82865985C00D16AE3 /* Controllers */ = {
			isa = PBXGroup;
			children = (
				6B308CE22865993400D16AE3 /* LightingViewController.swift */,
			);
			path = Controllers;
			sourceTree = "<group>";
		};
		6B308CC92865986B00D16AE3 /* Controls */ = {
			isa = PBXGroup;
			children = (
				6B308CDD2865990C00D16AE3 /* ColorPicker */,
				6B308CD4286598EA00D16AE3 /* Slider */,
			);
			path = Controls;
			sourceTree = "<group>";
		};
		6B308CCA2865987400D16AE3 /* Extensions */ = {
			isa = PBXGroup;
			children = (
				6B308CF72865A03500D16AE3 /* CGPoint+Helpers.swift */,
				6B308CEB28659CDE00D16AE3 /* UIColor+Bundle.swift */,
				6B308CCD286598B900D16AE3 /* UIImage+blur.swift */,
				6B308CEA28659CDE00D16AE3 /* UIImage+Bundle.swift */,
				6B308CCC286598B900D16AE3 /* UIView+snapshot.swift */,
			);
			path = Extensions;
			sourceTree = "<group>";
		};
		6B308CCB2865989600D16AE3 /* UI */ = {
			isa = PBXGroup;
			children = (
				6B308CBB2865963D00D16AE3 /* LaunchScreen.storyboard */,
				6B308CF028659E1200D16AE3 /* LightingMain.storyboard */,
			);
			path = UI;
			sourceTree = "<group>";
		};
		6B308CD4286598EA00D16AE3 /* Slider */ = {
			isa = PBXGroup;
			children = (
				6B308CD1286598DE00D16AE3 /* BrightnessSliderView.swift */,
				6B308CD0286598DE00D16AE3 /* SliderContentView.swift */,
			);
			path = Slider;
			sourceTree = "<group>";
		};
		6B308CDD2865990C00D16AE3 /* ColorPicker */ = {
			isa = PBXGroup;
			children = (
				6B308CD72865990600D16AE3 /* ColorHelper.swift */,
				6B308CD82865990600D16AE3 /* ColorItemView.swift */,
				6B308CD62865990600D16AE3 /* ColorPickerController.swift */,
				6B308CD52865990600D16AE3 /* ColorWheelView.swift */,
			);
			path = ColorPicker;
			sourceTree = "<group>";
		};
		6B308CF628659F0200D16AE3 /* Controls */ = {
			isa = PBXGroup;
			children = (
				6B308CF328659E4700D16AE3 /* ColorItemView.xib */,
				6B308CF228659E4700D16AE3 /* LightingZoneView.xib */,
			);
			path = Controls;
			sourceTree = "<group>";
		};
		6B308D002865AF9C00D16AE3 /* Fonts */ = {
			isa = PBXGroup;
			children = (
				6B308CFF2865AF9900D16AE3 /* Montserrat-Regular.ttf */,
			);
			path = Fonts;
			sourceTree = "<group>";
		};
		9202F2D4E7084942E36CA526 /* Pods */ = {
			isa = PBXGroup;
			children = (
				F37CDE29EF1DD040B4D7EC30 /* Pods-Lighting.debug.xcconfig */,
				F157393DA35C8B7C8513F335 /* Pods-Lighting.release.xcconfig */,
			);
			path = Pods;
			sourceTree = "<group>";
		};
/* End PBXGroup section */

/* Begin PBXNativeTarget section */
		6B308CAC2865963B00D16AE3 /* Lighting */ = {
			isa = PBXNativeTarget;
			buildConfigurationList = 6B308CC12865963D00D16AE3 /* Build configuration list for PBXNativeTarget "Lighting" */;
			buildPhases = (
				A2F0E4C2BA96F96294BC9C1D /* [CP] Check Pods Manifest.lock */,
				6B308CA92865963B00D16AE3 /* Sources */,
				6B308CAA2865963B00D16AE3 /* Frameworks */,
				6B308CAB2865963B00D16AE3 /* Resources */,
				F45ECDC585334AA4C0623692 /* [CP] Embed Pods Frameworks */,
			);
			buildRules = (
			);
			dependencies = (
			);
			name = Lighting;
			productName = Lighting;
			productReference = 6B308CAD2865963B00D16AE3 /* Lighting.app */;
			productType = "com.apple.product-type.application";
		};
/* End PBXNativeTarget section */

/* Begin PBXProject section */
		6B308CA52865963B00D16AE3 /* Project object */ = {
			isa = PBXProject;
			attributes = {
				BuildIndependentTargetsInParallel = 1;
				LastSwiftUpdateCheck = 1340;
				LastUpgradeCheck = 1340;
				TargetAttributes = {
					6B308CAC2865963B00D16AE3 = {
						CreatedOnToolsVersion = 13.4;
					};
				};
			};
			buildConfigurationList = 6B308CA82865963B00D16AE3 /* Build configuration list for PBXProject "Lighting" */;
			compatibilityVersion = "Xcode 13.0";
			developmentRegion = en;
			hasScannedForEncodings = 0;
			knownRegions = (
				en,
				Base,
			);
			mainGroup = 6B308CA42865963B00D16AE3;
			productRefGroup = 6B308CAE2865963B00D16AE3 /* Products */;
			projectDirPath = "";
			projectRoot = "";
			targets = (
				6B308CAC2865963B00D16AE3 /* Lighting */,
			);
		};
/* End PBXProject section */

/* Begin PBXResourcesBuildPhase section */
		6B308CAB2865963B00D16AE3 /* Resources */ = {
			isa = PBXResourcesBuildPhase;
			buildActionMask = 2147483647;
			files = (
				6B308D012865AFDC00D16AE3 /* Montserrat-Regular.ttf in Resources */,
				6B308CBD2865963D00D16AE3 /* LaunchScreen.storyboard in Resources */,
				6B308CF528659E4700D16AE3 /* ColorItemView.xib in Resources */,
				6B308CF128659E1200D16AE3 /* LightingMain.storyboard in Resources */,
				6B308CFE2865AD1B00D16AE3 /* ColorPickerController.xib in Resources */,
				6B308CBA2865963D00D16AE3 /* Assets.xcassets in Resources */,
				6B308CF428659E4700D16AE3 /* LightingZoneView.xib in Resources */,
				6B308CEF28659D8800D16AE3 /* Lighting.xcassets in Resources */,
				6B308CFA2865AC4300D16AE3 /* LightingViewController.xib in Resources */,
			);
			runOnlyForDeploymentPostprocessing = 0;
		};
/* End PBXResourcesBuildPhase section */

/* Begin PBXShellScriptBuildPhase section */
		A2F0E4C2BA96F96294BC9C1D /* [CP] Check Pods Manifest.lock */ = {
			isa = PBXShellScriptBuildPhase;
			buildActionMask = 2147483647;
			files = (
			);
			inputFileListPaths = (
			);
			inputPaths = (
				"${PODS_PODFILE_DIR_PATH}/Podfile.lock",
				"${PODS_ROOT}/Manifest.lock",
			);
			name = "[CP] Check Pods Manifest.lock";
			outputFileListPaths = (
			);
			outputPaths = (
				"$(DERIVED_FILE_DIR)/Pods-Lighting-checkManifestLockResult.txt",
			);
			runOnlyForDeploymentPostprocessing = 0;
			shellPath = /bin/sh;
			shellScript = "diff \"${PODS_PODFILE_DIR_PATH}/Podfile.lock\" \"${PODS_ROOT}/Manifest.lock\" > /dev/null\nif [ $? != 0 ] ; then\n    # print error to STDERR\n    echo \"error: The sandbox is not in sync with the Podfile.lock. Run 'pod install' or update your CocoaPods installation.\" >&2\n    exit 1\nfi\n# This output is used by Xcode 'outputs' to avoid re-running this script phase.\necho \"SUCCESS\" > \"${SCRIPT_OUTPUT_FILE_0}\"\n";
			showEnvVarsInLog = 0;
		};
		F45ECDC585334AA4C0623692 /* [CP] Embed Pods Frameworks */ = {
			isa = PBXShellScriptBuildPhase;
			buildActionMask = 2147483647;
			files = (
			);
			inputFileListPaths = (
				"${PODS_ROOT}/Target Support Files/Pods-Lighting/Pods-Lighting-frameworks-${CONFIGURATION}-input-files.xcfilelist",
			);
			name = "[CP] Embed Pods Frameworks";
			outputFileListPaths = (
				"${PODS_ROOT}/Target Support Files/Pods-Lighting/Pods-Lighting-frameworks-${CONFIGURATION}-output-files.xcfilelist",
			);
			runOnlyForDeploymentPostprocessing = 0;
			shellPath = /bin/sh;
			shellScript = "\"${PODS_ROOT}/Target Support Files/Pods-Lighting/Pods-Lighting-frameworks.sh\"\n";
			showEnvVarsInLog = 0;
		};
/* End PBXShellScriptBuildPhase section */

/* Begin PBXSourcesBuildPhase section */
		6B308CA92865963B00D16AE3 /* Sources */ = {
			isa = PBXSourcesBuildPhase;
			buildActionMask = 2147483647;
			files = (
				6B308CE928659CC400D16AE3 /* CustomSliderView.swift in Sources */,
				6B308CF82865A03500D16AE3 /* CGPoint+Helpers.swift in Sources */,
				6B308CE52865993400D16AE3 /* LightingZoneView.swift in Sources */,
				6B308CCE286598B900D16AE3 /* UIView+snapshot.swift in Sources */,
				6B308CEC28659CDE00D16AE3 /* UIImage+Bundle.swift in Sources */,
				6B308CE62865993400D16AE3 /* LightingZoneSlider.swift in Sources */,
				6B308CDB2865990600D16AE3 /* ColorHelper.swift in Sources */,
				6B308CCF286598B900D16AE3 /* UIImage+blur.swift in Sources */,
				6B308CED28659CDE00D16AE3 /* UIColor+Bundle.swift in Sources */,
				6B308CE42865993400D16AE3 /* LightingZoneType.swift in Sources */,
				6B308CB12865963B00D16AE3 /* AppDelegate.swift in Sources */,
				6B308CDA2865990600D16AE3 /* ColorPickerController.swift in Sources */,
				6B308CB32865963B00D16AE3 /* SceneDelegate.swift in Sources */,
				6B308CE32865993400D16AE3 /* Stylesheet.swift in Sources */,
				6B308CD3286598DE00D16AE3 /* BrightnessSliderView.swift in Sources */,
				6B308CE72865993400D16AE3 /* LightingViewController.swift in Sources */,
				6B308CD92865990600D16AE3 /* ColorWheelView.swift in Sources */,
				6B308CDC2865990600D16AE3 /* ColorItemView.swift in Sources */,
				6B308CD2286598DE00D16AE3 /* SliderContentView.swift in Sources */,
			);
			runOnlyForDeploymentPostprocessing = 0;
		};
/* End PBXSourcesBuildPhase section */

/* Begin PBXVariantGroup section */
		6B308CBB2865963D00D16AE3 /* LaunchScreen.storyboard */ = {
			isa = PBXVariantGroup;
			children = (
				6B308CBC2865963D00D16AE3 /* Base */,
			);
			name = LaunchScreen.storyboard;
			sourceTree = "<group>";
		};
/* End PBXVariantGroup section */

/* Begin XCBuildConfiguration section */
		6B308CBF2865963D00D16AE3 /* Debug */ = {
			isa = XCBuildConfiguration;
			buildSettings = {
				ALWAYS_SEARCH_USER_PATHS = NO;
				CLANG_ANALYZER_NONNULL = YES;
				CLANG_ANALYZER_NUMBER_OBJECT_CONVERSION = YES_AGGRESSIVE;
				CLANG_CXX_LANGUAGE_STANDARD = "gnu++17";
				CLANG_ENABLE_MODULES = YES;
				CLANG_ENABLE_OBJC_ARC = YES;
				CLANG_ENABLE_OBJC_WEAK = YES;
				CLANG_WARN_BLOCK_CAPTURE_AUTORELEASING = YES;
				CLANG_WARN_BOOL_CONVERSION = YES;
				CLANG_WARN_COMMA = YES;
				CLANG_WARN_CONSTANT_CONVERSION = YES;
				CLANG_WARN_DEPRECATED_OBJC_IMPLEMENTATIONS = YES;
				CLANG_WARN_DIRECT_OBJC_ISA_USAGE = YES_ERROR;
				CLANG_WARN_DOCUMENTATION_COMMENTS = YES;
				CLANG_WARN_EMPTY_BODY = YES;
				CLANG_WARN_ENUM_CONVERSION = YES;
				CLANG_WARN_INFINITE_RECURSION = YES;
				CLANG_WARN_INT_CONVERSION = YES;
				CLANG_WARN_NON_LITERAL_NULL_CONVERSION = YES;
				CLANG_WARN_OBJC_IMPLICIT_RETAIN_SELF = YES;
				CLANG_WARN_OBJC_LITERAL_CONVERSION = YES;
				CLANG_WARN_OBJC_ROOT_CLASS = YES_ERROR;
				CLANG_WARN_QUOTED_INCLUDE_IN_FRAMEWORK_HEADER = YES;
				CLANG_WARN_RANGE_LOOP_ANALYSIS = YES;
				CLANG_WARN_STRICT_PROTOTYPES = YES;
				CLANG_WARN_SUSPICIOUS_MOVE = YES;
				CLANG_WARN_UNGUARDED_AVAILABILITY = YES_AGGRESSIVE;
				CLANG_WARN_UNREACHABLE_CODE = YES;
				CLANG_WARN__DUPLICATE_METHOD_MATCH = YES;
				COPY_PHASE_STRIP = NO;
				DEBUG_INFORMATION_FORMAT = dwarf;
				ENABLE_STRICT_OBJC_MSGSEND = YES;
				ENABLE_TESTABILITY = YES;
				GCC_C_LANGUAGE_STANDARD = gnu11;
				GCC_DYNAMIC_NO_PIC = NO;
				GCC_NO_COMMON_BLOCKS = YES;
				GCC_OPTIMIZATION_LEVEL = 0;
				GCC_PREPROCESSOR_DEFINITIONS = (
					"DEBUG=1",
					"$(inherited)",
				);
				GCC_WARN_64_TO_32_BIT_CONVERSION = YES;
				GCC_WARN_ABOUT_RETURN_TYPE = YES_ERROR;
				GCC_WARN_UNDECLARED_SELECTOR = YES;
				GCC_WARN_UNINITIALIZED_AUTOS = YES_AGGRESSIVE;
				GCC_WARN_UNUSED_FUNCTION = YES;
				GCC_WARN_UNUSED_VARIABLE = YES;
				IPHONEOS_DEPLOYMENT_TARGET = 15.5;
				MTL_ENABLE_DEBUG_INFO = INCLUDE_SOURCE;
				MTL_FAST_MATH = YES;
				ONLY_ACTIVE_ARCH = YES;
				SDKROOT = iphoneos;
				SWIFT_ACTIVE_COMPILATION_CONDITIONS = DEBUG;
				SWIFT_OPTIMIZATION_LEVEL = "-Onone";
			};
			name = Debug;
		};
		6B308CC02865963D00D16AE3 /* Release */ = {
			isa = XCBuildConfiguration;
			buildSettings = {
				ALWAYS_SEARCH_USER_PATHS = NO;
				CLANG_ANALYZER_NONNULL = YES;
				CLANG_ANALYZER_NUMBER_OBJECT_CONVERSION = YES_AGGRESSIVE;
				CLANG_CXX_LANGUAGE_STANDARD = "gnu++17";
				CLANG_ENABLE_MODULES = YES;
				CLANG_ENABLE_OBJC_ARC = YES;
				CLANG_ENABLE_OBJC_WEAK = YES;
				CLANG_WARN_BLOCK_CAPTURE_AUTORELEASING = YES;
				CLANG_WARN_BOOL_CONVERSION = YES;
				CLANG_WARN_COMMA = YES;
				CLANG_WARN_CONSTANT_CONVERSION = YES;
				CLANG_WARN_DEPRECATED_OBJC_IMPLEMENTATIONS = YES;
				CLANG_WARN_DIRECT_OBJC_ISA_USAGE = YES_ERROR;
				CLANG_WARN_DOCUMENTATION_COMMENTS = YES;
				CLANG_WARN_EMPTY_BODY = YES;
				CLANG_WARN_ENUM_CONVERSION = YES;
				CLANG_WARN_INFINITE_RECURSION = YES;
				CLANG_WARN_INT_CONVERSION = YES;
				CLANG_WARN_NON_LITERAL_NULL_CONVERSION = YES;
				CLANG_WARN_OBJC_IMPLICIT_RETAIN_SELF = YES;
				CLANG_WARN_OBJC_LITERAL_CONVERSION = YES;
				CLANG_WARN_OBJC_ROOT_CLASS = YES_ERROR;
				CLANG_WARN_QUOTED_INCLUDE_IN_FRAMEWORK_HEADER = YES;
				CLANG_WARN_RANGE_LOOP_ANALYSIS = YES;
				CLANG_WARN_STRICT_PROTOTYPES = YES;
				CLANG_WARN_SUSPICIOUS_MOVE = YES;
				CLANG_WARN_UNGUARDED_AVAILABILITY = YES_AGGRESSIVE;
				CLANG_WARN_UNREACHABLE_CODE = YES;
				CLANG_WARN__DUPLICATE_METHOD_MATCH = YES;
				COPY_PHASE_STRIP = NO;
				DEBUG_INFORMATION_FORMAT = "dwarf-with-dsym";
				ENABLE_NS_ASSERTIONS = NO;
				ENABLE_STRICT_OBJC_MSGSEND = YES;
				GCC_C_LANGUAGE_STANDARD = gnu11;
				GCC_NO_COMMON_BLOCKS = YES;
				GCC_WARN_64_TO_32_BIT_CONVERSION = YES;
				GCC_WARN_ABOUT_RETURN_TYPE = YES_ERROR;
				GCC_WARN_UNDECLARED_SELECTOR = YES;
				GCC_WARN_UNINITIALIZED_AUTOS = YES_AGGRESSIVE;
				GCC_WARN_UNUSED_FUNCTION = YES;
				GCC_WARN_UNUSED_VARIABLE = YES;
				IPHONEOS_DEPLOYMENT_TARGET = 15.5;
				MTL_ENABLE_DEBUG_INFO = NO;
				MTL_FAST_MATH = YES;
				SDKROOT = iphoneos;
				SWIFT_COMPILATION_MODE = wholemodule;
				SWIFT_OPTIMIZATION_LEVEL = "-O";
				VALIDATE_PRODUCT = YES;
			};
			name = Release;
		};
		6B308CC22865963D00D16AE3 /* Debug */ = {
			isa = XCBuildConfiguration;
			baseConfigurationReference = F37CDE29EF1DD040B4D7EC30 /* Pods-Lighting.debug.xcconfig */;
			buildSettings = {
				ASSETCATALOG_COMPILER_APPICON_NAME = AppIcon;
				ASSETCATALOG_COMPILER_GLOBAL_ACCENT_COLOR_NAME = AccentColor;
				CODE_SIGN_STYLE = Automatic;
				CURRENT_PROJECT_VERSION = 1;
				DEVELOPMENT_TEAM = MW2UF479VW;
				GENERATE_INFOPLIST_FILE = YES;
				INFOPLIST_FILE = LightingDemo/Resources/Info.plist;
				INFOPLIST_KEY_UIApplicationSupportsIndirectInputEvents = YES;
				INFOPLIST_KEY_UILaunchStoryboardName = LaunchScreen;
				INFOPLIST_KEY_UIMainStoryboardFile = LightingMain;
				INFOPLIST_KEY_UISupportedInterfaceOrientations = UIInterfaceOrientationPortrait;
				INFOPLIST_KEY_UISupportedInterfaceOrientations_iPad = "UIInterfaceOrientationPortrait UIInterfaceOrientationPortraitUpsideDown UIInterfaceOrientationLandscapeLeft UIInterfaceOrientationLandscapeRight";
				INFOPLIST_KEY_UISupportedInterfaceOrientations_iPhone = "UIInterfaceOrientationPortrait UIInterfaceOrientationLandscapeLeft UIInterfaceOrientationLandscapeRight";
				IPHONEOS_DEPLOYMENT_TARGET = 13.0;
				LD_RUNPATH_SEARCH_PATHS = (
					"$(inherited)",
					"@executable_path/Frameworks",
				);
				MARKETING_VERSION = 1.0;
				PRODUCT_BUNDLE_IDENTIFIER = shakuro.Lighting;
				PRODUCT_NAME = "$(TARGET_NAME)";
				SWIFT_EMIT_LOC_STRINGS = YES;
				SWIFT_VERSION = 5.0;
				TARGETED_DEVICE_FAMILY = "1,2";
			};
			name = Debug;
		};
		6B308CC32865963D00D16AE3 /* Release */ = {
			isa = XCBuildConfiguration;
			baseConfigurationReference = F157393DA35C8B7C8513F335 /* Pods-Lighting.release.xcconfig */;
			buildSettings = {
				ASSETCATALOG_COMPILER_APPICON_NAME = AppIcon;
				ASSETCATALOG_COMPILER_GLOBAL_ACCENT_COLOR_NAME = AccentColor;
				CODE_SIGN_STYLE = Automatic;
				CURRENT_PROJECT_VERSION = 1;
				DEVELOPMENT_TEAM = MW2UF479VW;
				GENERATE_INFOPLIST_FILE = YES;
				INFOPLIST_FILE = LightingDemo/Resources/Info.plist;
				INFOPLIST_KEY_UIApplicationSupportsIndirectInputEvents = YES;
				INFOPLIST_KEY_UILaunchStoryboardName = LaunchScreen;
				INFOPLIST_KEY_UIMainStoryboardFile = LightingMain;
				INFOPLIST_KEY_UISupportedInterfaceOrientations = UIInterfaceOrientationPortrait;
				INFOPLIST_KEY_UISupportedInterfaceOrientations_iPad = "UIInterfaceOrientationPortrait UIInterfaceOrientationPortraitUpsideDown UIInterfaceOrientationLandscapeLeft UIInterfaceOrientationLandscapeRight";
				INFOPLIST_KEY_UISupportedInterfaceOrientations_iPhone = "UIInterfaceOrientationPortrait UIInterfaceOrientationLandscapeLeft UIInterfaceOrientationLandscapeRight";
				IPHONEOS_DEPLOYMENT_TARGET = 13.0;
				LD_RUNPATH_SEARCH_PATHS = (
					"$(inherited)",
					"@executable_path/Frameworks",
				);
				MARKETING_VERSION = 1.0;
				PRODUCT_BUNDLE_IDENTIFIER = shakuro.Lighting;
				PRODUCT_NAME = "$(TARGET_NAME)";
				SWIFT_EMIT_LOC_STRINGS = YES;
				SWIFT_VERSION = 5.0;
				TARGETED_DEVICE_FAMILY = "1,2";
			};
			name = Release;
		};
/* End XCBuildConfiguration section */

/* Begin XCConfigurationList section */
		6B308CA82865963B00D16AE3 /* Build configuration list for PBXProject "Lighting" */ = {
			isa = XCConfigurationList;
			buildConfigurations = (
				6B308CBF2865963D00D16AE3 /* Debug */,
				6B308CC02865963D00D16AE3 /* Release */,
			);
			defaultConfigurationIsVisible = 0;
			defaultConfigurationName = Release;
		};
		6B308CC12865963D00D16AE3 /* Build configuration list for PBXNativeTarget "Lighting" */ = {
			isa = XCConfigurationList;
			buildConfigurations = (
				6B308CC22865963D00D16AE3 /* Debug */,
				6B308CC32865963D00D16AE3 /* Release */,
			);
			defaultConfigurationIsVisible = 0;
			defaultConfigurationName = Release;
		};
/* End XCConfigurationList section */
	};
	rootObject = 6B308CA52865963B00D16AE3 /* Project object */;
}
